# Auto-generated by mcpp. Do not edit by hand.
version = 2

[package."compat.eui-neo"]
namespace = "compat"
version = "0.5.3"
source  = "index+compat@0.5.3"
hash    = "fnv1a:0fc96acf41b0ab90"

[package."tinyhttps"]
namespace = "mcpplibs"
version = "0.2.9"
source  = "index+mcpplibs@0.2.9"
hash    = "fnv1a:7dcd2b0fcf679705"

