# Auto-generated by mcpp. Do not edit by hand.
version = 2

[package."compat.eui-neo"]
namespace = "compat"
version = "0.5.3"
source  = "index+compat@0.5.3"
hash    = "fnv1a:0fc96acf41b0ab90"

[package."nlohmann.json"]
namespace = "nlohmann"
version = "3.12.0"
source  = "index+nlohmann@3.12.0"
hash    = "fnv1a:998206e0fc3907ad"

