# Auto-generated by mcpp. Do not edit by hand.
version = 2

[package."compat.eui-neo"]
namespace = "compat"
version = "0.5.3"
source  = "index+compat@0.5.3"
hash    = "fnv1a:f2a2a2598c3d385b"

[package."tinyhttps"]
namespace = "mcpplibs"
version = "0.2.9"
source  = "index+mcpplibs@0.2.9"
hash    = "fnv1a:a01132893163f775"

